
Microsoft Visual Studio Solution File, Format Version 12.00
# Visual Studio Version 17
VisualStudioVersion = 17.1.32104.313
MinimumVisualStudioVersion = 10.0.40219.1
Project("{FAE04EC0-301F-11D3-BF4B-00C04F79EFBC}") = "SearchCLI", "SearchCLI\SearchCLI.csproj", "{19F11A7C-8D49-4960-A4F4-D4E66DAC5797}"
EndProject
Project("{FAE04EC0-301F-11D3-BF4B-00C04F79EFBC}") = "SearchAPI", "SearchAPI\SearchAPI.csproj", "{62B34DEB-5CD8-41D7-AD7B-0036ACE8FE4D}"
EndProject
Project("{FAE04EC0-301F-11D3-BF4B-00C04F79EFBC}") = "SearchWebApp", "SearchWebApp\SearchWebApp.csproj", "{A5FC9D2B-62D6-466E-A663-C0933526D549}"
EndProject
Global
	GlobalSection(SolutionConfigurationPlatforms) = preSolution
		Debug|Any CPU = Debug|Any CPU
		Release|Any CPU = Release|Any CPU
	EndGlobalSection
	GlobalSection(ProjectConfigurationPlatforms) = postSolution
		{19F11A7C-8D49-4960-A4F4-D4E66DAC5797}.Debug|Any CPU.ActiveCfg = Debug|Any CPU
		{19F11A7C-8D49-4960-A4F4-D4E66DAC5797}.Debug|Any CPU.Build.0 = Debug|Any CPU
		{19F11A7C-8D49-4960-A4F4-D4E66DAC5797}.Release|Any CPU.ActiveCfg = Release|Any CPU
		{19F11A7C-8D49-4960-A4F4-D4E66DAC5797}.Release|Any CPU.Build.0 = Release|Any CPU
		{62B34DEB-5CD8-41D7-AD7B-0036ACE8FE4D}.Debug|Any CPU.ActiveCfg = Debug|Any CPU
		{62B34DEB-5CD8-41D7-AD7B-0036ACE8FE4D}.Debug|Any CPU.Build.0 = Debug|Any CPU
		{62B34DEB-5CD8-41D7-AD7B-0036ACE8FE4D}.Release|Any CPU.ActiveCfg = Release|Any CPU
		{62B34DEB-5CD8-41D7-AD7B-0036ACE8FE4D}.Release|Any CPU.Build.0 = Release|Any CPU
		{A5FC9D2B-62D6-466E-A663-C0933526D549}.Debug|Any CPU.ActiveCfg = Debug|Any CPU
		{A5FC9D2B-62D6-466E-A663-C0933526D549}.Debug|Any CPU.Build.0 = Debug|Any CPU
		{A5FC9D2B-62D6-466E-A663-C0933526D549}.Release|Any CPU.ActiveCfg = Release|Any CPU
		{A5FC9D2B-62D6-466E-A663-C0933526D549}.Release|Any CPU.Build.0 = Release|Any CPU
	EndGlobalSection
	GlobalSection(SolutionProperties) = preSolution
		HideSolutionNode = FALSE
	EndGlobalSection
	GlobalSection(ExtensibilityGlobals) = postSolution
		SolutionGuid = {62856FE5-0653-4CC7-9258-9FC965260F21}
	EndGlobalSection
EndGlobal
